<?xml version="1.0" encoding="utf-8"?>
<Project ToolsVersion="4.0" xmlns="http://schemas.microsoft.com/developer/msbuild/2003">
  <ItemGroup>
    <Filter Include="소스 파일">
      <UniqueIdentifier>{4FC737F1-C7A5-4376-A066-2A32D752A2FF}</UniqueIdentifier>
      <Extensions>cpp;c;cc;cxx;c++;cppm;ixx;def;odl;idl;hpj;bat;asm;asmx</Extensions>
    </Filter>
    <Filter Include="헤더 파일">
      <UniqueIdentifier>{93995380-89BD-4b04-88EB-625FBE52EBFB}</UniqueIdentifier>
      <Extensions>h;hh;hpp;hxx;h++;hm;inl;inc;ipp;xsd</Extensions>
    </Filter>
    <Filter Include="리소스 파일">
      <UniqueIdentifier>{67DA6AB6-F800-4c08-8B7A-83BB121AAD01}</UniqueIdentifier>
      <Extensions>rc;ico;cur;bmp;dlg;rc2;rct;bin;rgs;gif;jpg;jpeg;jpe;resx;tiff;tif;png;wav;mfcribbon-ms</Extensions>
    </Filter>
    <Filter Include="소스 파일\00.MainUpdate">
      <UniqueIdentifier>{658dcfaf-e177-465f-a5e1-36130c7cb5f4}</UniqueIdentifier>
    </Filter>
    <Filter Include="소스 파일\99.Manager">
      <UniqueIdentifier>{c7a1bcb8-5ef1-4ad8-969f-ff7bc833a368}</UniqueIdentifier>
    </Filter>
    <Filter Include="소스 파일\99.Manager\SceneManager">
      <UniqueIdentifier>{215275b4-13ed-45f2-b165-590b9960f165}</UniqueIdentifier>
    </Filter>
    <Filter Include="소스 파일\99.Manager\InputManager">
      <UniqueIdentifier>{36c32447-f974-48dd-9b99-d31be4cb44af}</UniqueIdentifier>
    </Filter>
    <Filter Include="소스 파일\01.Scene">
      <UniqueIdentifier>{73b3681b-9afc-46a5-85c6-92411af4dded}</UniqueIdentifier>
    </Filter>
    <Filter Include="소스 파일\01.Scene\Logo">
      <UniqueIdentifier>{c2f4a2a7-720d-4bb2-af87-72f1a15582b7}</UniqueIdentifier>
    </Filter>
    <Filter Include="소스 파일\01.Scene\Menu">
      <UniqueIdentifier>{b7d63c15-01f6-415b-8e29-85fe5b564538}</UniqueIdentifier>
    </Filter>
    <Filter Include="소스 파일\01.Scene\Stage">
      <UniqueIdentifier>{0539e895-b379-4590-ae61-ec299b75ec76}</UniqueIdentifier>
    </Filter>
    <Filter Include="소스 파일\99.Manager\CursorManager">
      <UniqueIdentifier>{fa586ed2-1b73-498b-8cbf-26eea54f3f03}</UniqueIdentifier>
    </Filter>
    <Filter Include="소스 파일\02.Object">
      <UniqueIdentifier>{d590c474-5889-4a39-b60d-772ee6a2ef06}</UniqueIdentifier>
    </Filter>
    <Filter Include="소스 파일\03.UI">
      <UniqueIdentifier>{43cba9b4-05a5-4d7d-8958-6bc3d968d20a}</UniqueIdentifier>
    </Filter>
    <Filter Include="소스 파일\03.UI\MenuUI">
      <UniqueIdentifier>{5656b022-cdb2-4668-9c14-0fb9e259f148}</UniqueIdentifier>
    </Filter>
    <Filter Include="소스 파일\03.UI\MenuUI\HowtoPlay">
      <UniqueIdentifier>{dc245e9c-53a1-4065-947d-4f9c94357705}</UniqueIdentifier>
    </Filter>
    <Filter Include="소스 파일\99.Manager\MapManager">
      <UniqueIdentifier>{ff2c0ad9-c138-4c94-ba82-5e1aff4b24d9}</UniqueIdentifier>
    </Filter>
    <Filter Include="헤더 파일\Include">
      <UniqueIdentifier>{dda6c22f-1497-4bd4-98b4-a281a31642c7}</UniqueIdentifier>
    </Filter>
    <Filter Include="소스 파일\04.Map">
      <UniqueIdentifier>{e967dc28-2744-406a-8af9-6180f340dced}</UniqueIdentifier>
    </Filter>
    <Filter Include="소스 파일\04.Map\Dungeon">
      <UniqueIdentifier>{4dc42ecd-0c45-4023-af03-04234fbca812}</UniqueIdentifier>
    </Filter>
    <Filter Include="소스 파일\04.Map\Store">
      <UniqueIdentifier>{20575415-a485-4a69-9970-7eec3f55f241}</UniqueIdentifier>
    </Filter>
    <Filter Include="소스 파일\04.Map\Village">
      <UniqueIdentifier>{10781457-56ae-47d9-a74f-825c4c18aa76}</UniqueIdentifier>
    </Filter>
    <Filter Include="소스 파일\02.Object\Player">
      <UniqueIdentifier>{969ccd78-0fe1-4ee7-bba6-543e2c22b0cb}</UniqueIdentifier>
    </Filter>
    <Filter Include="소스 파일\99.Manager\CollisionManager">
      <UniqueIdentifier>{5ab33b61-6895-4053-9e1e-672b68fa5db0}</UniqueIdentifier>
    </Filter>
    <Filter Include="소스 파일\02.Object\Portal">
      <UniqueIdentifier>{2f05dacf-aa6a-470b-8492-7080eba13ac2}</UniqueIdentifier>
    </Filter>
    <Filter Include="소스 파일\04.Map\Guild">
      <UniqueIdentifier>{2308d54f-f778-4dc1-8d9f-20a3abfab954}</UniqueIdentifier>
    </Filter>
    <Filter Include="소스 파일\05.Ani">
      <UniqueIdentifier>{62d8ef26-d840-4d65-a3c3-4c5f5e4c8426}</UniqueIdentifier>
    </Filter>
    <Filter Include="소스 파일\05.Ani\BookAni">
      <UniqueIdentifier>{f92bef43-bf0c-4d02-9ab6-96e32d99b473}</UniqueIdentifier>
    </Filter>
  </ItemGroup>
  <ItemGroup>
    <ClCompile Include="Main.cpp">
      <Filter>소스 파일</Filter>
    </ClCompile>
    <ClCompile Include="MainUpdate.cpp">
      <Filter>소스 파일\00.MainUpdate</Filter>
    </ClCompile>
    <ClCompile Include="SceneManager.cpp">
      <Filter>소스 파일\99.Manager\SceneManager</Filter>
    </ClCompile>
    <ClCompile Include="InputManager.cpp">
      <Filter>소스 파일\99.Manager\InputManager</Filter>
    </ClCompile>
    <ClCompile Include="Logo.cpp">
      <Filter>소스 파일\01.Scene\Logo</Filter>
    </ClCompile>
    <ClCompile Include="Menu.cpp">
      <Filter>소스 파일\01.Scene\Menu</Filter>
    </ClCompile>
    <ClCompile Include="Stage.cpp">
      <Filter>소스 파일\01.Scene\Stage</Filter>
    </ClCompile>
    <ClCompile Include="Scene.cpp">
      <Filter>소스 파일\01.Scene</Filter>
    </ClCompile>
    <ClCompile Include="CursorManager.cpp">
      <Filter>소스 파일\99.Manager\CursorManager</Filter>
    </ClCompile>
    <ClCompile Include="Object.cpp">
      <Filter>소스 파일\02.Object</Filter>
    </ClCompile>
    <ClCompile Include="HowtoPlay.cpp">
      <Filter>소스 파일\03.UI\MenuUI\HowtoPlay</Filter>
    </ClCompile>
    <ClCompile Include="Village.cpp">
      <Filter>소스 파일\04.Map\Village</Filter>
    </ClCompile>
    <ClCompile Include="Store.cpp">
      <Filter>소스 파일\04.Map\Store</Filter>
    </ClCompile>
    <ClCompile Include="MapManager.cpp">
      <Filter>소스 파일\99.Manager\MapManager</Filter>
    </ClCompile>
    <ClCompile Include="Dungeon1.cpp">
      <Filter>소스 파일\04.Map\Dungeon</Filter>
    </ClCompile>
    <ClCompile Include="Map.cpp">
      <Filter>소스 파일\04.Map</Filter>
    </ClCompile>
    <ClCompile Include="Player.cpp">
      <Filter>소스 파일\02.Object\Player</Filter>
    </ClCompile>
    <ClCompile Include="Portal_01.cpp">
      <Filter>소스 파일\02.Object\Portal</Filter>
    </ClCompile>
    <ClCompile Include="Portal_02.cpp">
      <Filter>소스 파일\02.Object\Portal</Filter>
    </ClCompile>
    <ClCompile Include="Guild.cpp">
      <Filter>소스 파일\04.Map\Guild</Filter>
    </ClCompile>
    <ClCompile Include="BookAni.cpp">
      <Filter>소스 파일\05.Ani\BookAni</Filter>
    </ClCompile>
    <ClCompile Include="Dungeon2.cpp">
      <Filter>소스 파일\04.Map\Dungeon</Filter>
    </ClCompile>
    <ClCompile Include="Dungeon3.cpp">
      <Filter>소스 파일\04.Map\Dungeon</Filter>
    </ClCompile>
    <ClCompile Include="Dungeon4.cpp">
      <Filter>소스 파일\04.Map\Dungeon</Filter>
    </ClCompile>
    <ClCompile Include="Dungeon5.cpp">
      <Filter>소스 파일\04.Map\Dungeon</Filter>
    </ClCompile>
  </ItemGroup>
  <ItemGroup>
    <ClInclude Include="Headers.h">
      <Filter>헤더 파일</Filter>
    </ClInclude>
    <ClInclude Include="MainUpdate.h">
      <Filter>소스 파일\00.MainUpdate</Filter>
    </ClInclude>
    <ClInclude Include="SceneManager.h">
      <Filter>소스 파일\99.Manager\SceneManager</Filter>
    </ClInclude>
    <ClInclude Include="InputManager.h">
      <Filter>소스 파일\99.Manager\InputManager</Filter>
    </ClInclude>
    <ClInclude Include="Logo.h">
      <Filter>소스 파일\01.Scene\Logo</Filter>
    </ClInclude>
    <ClInclude Include="Menu.h">
      <Filter>소스 파일\01.Scene\Menu</Filter>
    </ClInclude>
    <ClInclude Include="Scene.h">
      <Filter>소스 파일\01.Scene</Filter>
    </ClInclude>
    <ClInclude Include="Stage.h">
      <Filter>소스 파일\01.Scene\Stage</Filter>
    </ClInclude>
    <ClInclude Include="CursorManager.h">
      <Filter>소스 파일\99.Manager\CursorManager</Filter>
    </ClInclude>
    <ClInclude Include="Object.h">
      <Filter>소스 파일\02.Object</Filter>
    </ClInclude>
    <ClInclude Include="HowtoPlay.h">
      <Filter>소스 파일\03.UI\MenuUI\HowtoPlay</Filter>
    </ClInclude>
    <ClInclude Include="Dungeon1.h">
      <Filter>소스 파일\04.Map\Dungeon</Filter>
    </ClInclude>
    <ClInclude Include="Village.h">
      <Filter>소스 파일\04.Map\Village</Filter>
    </ClInclude>
    <ClInclude Include="Store.h">
      <Filter>소스 파일\04.Map\Store</Filter>
    </ClInclude>
    <ClInclude Include="MapManager.h">
      <Filter>소스 파일\99.Manager\MapManager</Filter>
    </ClInclude>
    <ClInclude Include="Constant.h">
      <Filter>헤더 파일\Include</Filter>
    </ClInclude>
    <ClInclude Include="Enum.h">
      <Filter>헤더 파일\Include</Filter>
    </ClInclude>
    <ClInclude Include="Struct.h">
      <Filter>헤더 파일\Include</Filter>
    </ClInclude>
    <ClInclude Include="Map.h">
      <Filter>소스 파일\04.Map</Filter>
    </ClInclude>
    <ClInclude Include="Player.h">
      <Filter>소스 파일\02.Object\Player</Filter>
    </ClInclude>
    <ClInclude Include="CollisionManager.h">
      <Filter>소스 파일\99.Manager\CollisionManager</Filter>
    </ClInclude>
    <ClInclude Include="Portal_01.h">
      <Filter>소스 파일\02.Object\Portal</Filter>
    </ClInclude>
    <ClInclude Include="Portal_02.h">
      <Filter>소스 파일\02.Object\Portal</Filter>
    </ClInclude>
    <ClInclude Include="Guild.h">
      <Filter>소스 파일\04.Map\Guild</Filter>
    </ClInclude>
    <ClInclude Include="BookAni.h">
      <Filter>소스 파일\05.Ani\BookAni</Filter>
    </ClInclude>
    <ClInclude Include="Dungeon2.h">
      <Filter>소스 파일\04.Map\Dungeon</Filter>
    </ClInclude>
    <ClInclude Include="Dungeon3.h">
      <Filter>소스 파일\04.Map\Dungeon</Filter>
    </ClInclude>
    <ClInclude Include="Dungeon4.h">
      <Filter>소스 파일\04.Map\Dungeon</Filter>
    </ClInclude>
    <ClInclude Include="Dungeon5.h">
      <Filter>소스 파일\04.Map\Dungeon</Filter>
    </ClInclude>
  </ItemGroup>
</Project>